
Microsoft Visual Studio Solution File, Format Version 12.00
# Visual Studio 15
VisualStudioVersion = 15.0.28307.757
MinimumVisualStudioVersion = 10.0.40219.1
Project("{9A19103F-16F7-4668-BE54-9A1E7A4F7556}") = "mvc-website", "..\code\mvc-website\mvc-website.csproj", "{A6B459F5-61E7-453D-BE14-527A52AFD62A}"
EndProject
Project("{9A19103F-16F7-4668-BE54-9A1E7A4F7556}") = "mvc-website.tests.unit", "..\tests\mvc-website.tests.unit\mvc-website.tests.unit.csproj", "{80F99CE0-0FC5-4523-A759-8D925EA2B409}"
EndProject
Project("{2150E333-8FDC-42A3-9474-1A3956D46DE8}") = "tests", "tests", "{231C8E6F-E0CF-4457-83CF-00BBFDC24930}"
EndProject
Project("{9A19103F-16F7-4668-BE54-9A1E7A4F7556}") = "razor-templates", "..\code\razor-templates\razor-templates.csproj", "{CCE27DCA-A2F6-4331-9BFF-C91DBA30D509}"
EndProject
Project("{9A19103F-16F7-4668-BE54-9A1E7A4F7556}") = "grump.core", "..\submodules\grump\src\grump.core\grump.core.csproj", "{90521894-0E3C-45DD-B1C0-F28093552BA2}"
EndProject
Project("{9A19103F-16F7-4668-BE54-9A1E7A4F7556}") = "grump.testhelpers", "..\submodules\grump\src\grump.testhelpers\grump.testhelpers.csproj", "{730EF1E3-6391-4124-BA69-9BE3323C2273}"
EndProject
Project("{FAE04EC0-301F-11D3-BF4B-00C04F79EFBC}") = "grump.azure", "..\submodules\grump\src\grump.azure\grump.azure.csproj", "{8E093358-6DA6-4DE4-A8A6-314671E23F11}"
EndProject
Project("{FAE04EC0-301F-11D3-BF4B-00C04F79EFBC}") = "dependencyprofile-production", "..\code\dependencyprofile-production\dependencyprofile-production.csproj", "{9CFC8356-19A7-42D1-82F7-706B85CEBE98}"
EndProject
Project("{FAE04EC0-301F-11D3-BF4B-00C04F79EFBC}") = "grump.abstractions", "..\submodules\grump\src\grump.abstractions\grump.abstractions.csproj", "{84F7BCE1-EA06-451D-90E6-23C4B085208B}"
EndProject
Global
	GlobalSection(SolutionConfigurationPlatforms) = preSolution
		Debug|Any CPU = Debug|Any CPU
		Release|Any CPU = Release|Any CPU
	EndGlobalSection
	GlobalSection(ProjectConfigurationPlatforms) = postSolution
		{A6B459F5-61E7-453D-BE14-527A52AFD62A}.Debug|Any CPU.ActiveCfg = Debug|Any CPU
		{A6B459F5-61E7-453D-BE14-527A52AFD62A}.Debug|Any CPU.Build.0 = Debug|Any CPU
		{A6B459F5-61E7-453D-BE14-527A52AFD62A}.Release|Any CPU.ActiveCfg = Release|Any CPU
		{A6B459F5-61E7-453D-BE14-527A52AFD62A}.Release|Any CPU.Build.0 = Release|Any CPU
		{80F99CE0-0FC5-4523-A759-8D925EA2B409}.Debug|Any CPU.ActiveCfg = Debug|Any CPU
		{80F99CE0-0FC5-4523-A759-8D925EA2B409}.Debug|Any CPU.Build.0 = Debug|Any CPU
		{80F99CE0-0FC5-4523-A759-8D925EA2B409}.Release|Any CPU.ActiveCfg = Release|Any CPU
		{80F99CE0-0FC5-4523-A759-8D925EA2B409}.Release|Any CPU.Build.0 = Release|Any CPU
		{CCE27DCA-A2F6-4331-9BFF-C91DBA30D509}.Debug|Any CPU.ActiveCfg = Debug|Any CPU
		{CCE27DCA-A2F6-4331-9BFF-C91DBA30D509}.Debug|Any CPU.Build.0 = Debug|Any CPU
		{CCE27DCA-A2F6-4331-9BFF-C91DBA30D509}.Release|Any CPU.ActiveCfg = Release|Any CPU
		{CCE27DCA-A2F6-4331-9BFF-C91DBA30D509}.Release|Any CPU.Build.0 = Release|Any CPU
		{90521894-0E3C-45DD-B1C0-F28093552BA2}.Debug|Any CPU.ActiveCfg = Debug|Any CPU
		{90521894-0E3C-45DD-B1C0-F28093552BA2}.Debug|Any CPU.Build.0 = Debug|Any CPU
		{90521894-0E3C-45DD-B1C0-F28093552BA2}.Release|Any CPU.ActiveCfg = Release|Any CPU
		{90521894-0E3C-45DD-B1C0-F28093552BA2}.Release|Any CPU.Build.0 = Release|Any CPU
		{730EF1E3-6391-4124-BA69-9BE3323C2273}.Debug|Any CPU.ActiveCfg = Debug|Any CPU
		{730EF1E3-6391-4124-BA69-9BE3323C2273}.Debug|Any CPU.Build.0 = Debug|Any CPU
		{730EF1E3-6391-4124-BA69-9BE3323C2273}.Release|Any CPU.ActiveCfg = Release|Any CPU
		{730EF1E3-6391-4124-BA69-9BE3323C2273}.Release|Any CPU.Build.0 = Release|Any CPU
		{8E093358-6DA6-4DE4-A8A6-314671E23F11}.Debug|Any CPU.ActiveCfg = Debug|Any CPU
		{8E093358-6DA6-4DE4-A8A6-314671E23F11}.Debug|Any CPU.Build.0 = Debug|Any CPU
		{8E093358-6DA6-4DE4-A8A6-314671E23F11}.Release|Any CPU.ActiveCfg = Release|Any CPU
		{8E093358-6DA6-4DE4-A8A6-314671E23F11}.Release|Any CPU.Build.0 = Release|Any CPU
		{9CFC8356-19A7-42D1-82F7-706B85CEBE98}.Debug|Any CPU.ActiveCfg = Debug|Any CPU
		{9CFC8356-19A7-42D1-82F7-706B85CEBE98}.Debug|Any CPU.Build.0 = Debug|Any CPU
		{9CFC8356-19A7-42D1-82F7-706B85CEBE98}.Release|Any CPU.ActiveCfg = Release|Any CPU
		{9CFC8356-19A7-42D1-82F7-706B85CEBE98}.Release|Any CPU.Build.0 = Release|Any CPU
		{84F7BCE1-EA06-451D-90E6-23C4B085208B}.Debug|Any CPU.ActiveCfg = Debug|Any CPU
		{84F7BCE1-EA06-451D-90E6-23C4B085208B}.Debug|Any CPU.Build.0 = Debug|Any CPU
		{84F7BCE1-EA06-451D-90E6-23C4B085208B}.Release|Any CPU.ActiveCfg = Release|Any CPU
		{84F7BCE1-EA06-451D-90E6-23C4B085208B}.Release|Any CPU.Build.0 = Release|Any CPU
	EndGlobalSection
	GlobalSection(SolutionProperties) = preSolution
		HideSolutionNode = FALSE
	EndGlobalSection
	GlobalSection(NestedProjects) = preSolution
		{80F99CE0-0FC5-4523-A759-8D925EA2B409} = {231C8E6F-E0CF-4457-83CF-00BBFDC24930}
	EndGlobalSection
	GlobalSection(ExtensibilityGlobals) = postSolution
		SolutionGuid = {C2CF4EB5-89F5-498D-9F1E-C2DEE47994CF}
	EndGlobalSection
EndGlobal
